// !$*UTF8*$!
{
	archiveVersion = 1;
	classes = {
	};
	objectVersion = 51;
	objects = {

/* Begin PBXBuildFile section */
		B12E3304262071B00077B980 /* CallsTableViewController.swift in Sources */ = {isa = PBXBuildFile; fileRef = B12E3303262071B00077B980 /* CallsTableViewController.swift */; };
		B12E330A262074660077B980 /* Extensions.swift in Sources */ = {isa = PBXBuildFile; fileRef = B12E3309262074660077B980 /* Extensions.swift */; };
		B14921CF262464C8006B3388 /* Calls+CoreDataClass.swift in Sources */ = {isa = PBXBuildFile; fileRef = B14921CE262464C8006B3388 /* Calls+CoreDataClass.swift */; };
		B14921D0262464C8006B3388 /* Managers+CoreDataClass.swift in Sources */ = {isa = PBXBuildFile; fileRef = B14921CC262464C7006B3388 /* Managers+CoreDataClass.swift */; };
		B14921D1262464C8006B3388 /* Managers+CoreDataProperties.swift in Sources */ = {isa = PBXBuildFile; fileRef = B14921CD262464C8006B3388 /* Managers+CoreDataProperties.swift */; };
		B14921D2262464C8006B3388 /* Calls+CoreDataProperties.swift in Sources */ = {isa = PBXBuildFile; fileRef = B14921CB262464C7006B3388 /* Calls+CoreDataProperties.swift */; };
		B14921D726255EEB006B3388 /* FIRFirestoreSevice.swift in Sources */ = {isa = PBXBuildFile; fileRef = B14921D626255EEB006B3388 /* FIRFirestoreSevice.swift */; };
		B14921DF262589AA006B3388 /* SettingsViewController.swift in Sources */ = {isa = PBXBuildFile; fileRef = B14921DE262589AA006B3388 /* SettingsViewController.swift */; };
		B14921E32626D14E006B3388 /* CallsTableViewCell.swift in Sources */ = {isa = PBXBuildFile; fileRef = B14921E12626D14E006B3388 /* CallsTableViewCell.swift */; };
		B14921E42626D14F006B3388 /* CallsTableViewCell.xib in Resources */ = {isa = PBXBuildFile; fileRef = B14921E22626D14E006B3388 /* CallsTableViewCell.xib */; };
		B17313EB2622BC8A008002DB /* Model.swift in Sources */ = {isa = PBXBuildFile; fileRef = B17313EA2622BC8A008002DB /* Model.swift */; };
		B1DC0B7626205BDF00A8679C /* AppDelegate.swift in Sources */ = {isa = PBXBuildFile; fileRef = B1DC0B7526205BDF00A8679C /* AppDelegate.swift */; };
		B1DC0B7826205BDF00A8679C /* SceneDelegate.swift in Sources */ = {isa = PBXBuildFile; fileRef = B1DC0B7726205BDF00A8679C /* SceneDelegate.swift */; };
		B1DC0B7A26205BDF00A8679C /* AuthViewController.swift in Sources */ = {isa = PBXBuildFile; fileRef = B1DC0B7926205BDF00A8679C /* AuthViewController.swift */; };
		B1DC0B7D26205BDF00A8679C /* Main.storyboard in Resources */ = {isa = PBXBuildFile; fileRef = B1DC0B7B26205BDF00A8679C /* Main.storyboard */; };
		B1DC0B8026205BDF00A8679C /* b24_reports.xcdatamodeld in Sources */ = {isa = PBXBuildFile; fileRef = B1DC0B7E26205BDF00A8679C /* b24_reports.xcdatamodeld */; };
		B1DC0B8226205BE000A8679C /* Assets.xcassets in Resources */ = {isa = PBXBuildFile; fileRef = B1DC0B8126205BE000A8679C /* Assets.xcassets */; };
		B1DC0B8526205BE000A8679C /* LaunchScreen.storyboard in Resources */ = {isa = PBXBuildFile; fileRef = B1DC0B8326205BE000A8679C /* LaunchScreen.storyboard */; };
		B1DC0B8E26206AAD00A8679C /* GoogleService-Info.plist in Resources */ = {isa = PBXBuildFile; fileRef = B1DC0B8D26206AAD00A8679C /* GoogleService-Info.plist */; };
		EFACE491B59722BA037A4151 /* Pods_b24_reports.framework in Frameworks */ = {isa = PBXBuildFile; fileRef = FE750F2C11952975EB4B82FC /* Pods_b24_reports.framework */; };
/* End PBXBuildFile section */

/* Begin PBXFileReference section */
		9DF7F624C5C87EEF914EA59E /* Pods-b24-reports.debug.xcconfig */ = {isa = PBXFileReference; includeInIndex = 1; lastKnownFileType = text.xcconfig; name = "Pods-b24-reports.debug.xcconfig"; path = "Target Support Files/Pods-b24-reports/Pods-b24-reports.debug.xcconfig"; sourceTree = "<group>"; };
		B12E3303262071B00077B980 /* CallsTableViewController.swift */ = {isa = PBXFileReference; lastKnownFileType = sourcecode.swift; path = CallsTableViewController.swift; sourceTree = "<group>"; };
		B12E3309262074660077B980 /* Extensions.swift */ = {isa = PBXFileReference; lastKnownFileType = sourcecode.swift; path = Extensions.swift; sourceTree = "<group>"; };
		B14921CB262464C7006B3388 /* Calls+CoreDataProperties.swift */ = {isa = PBXFileReference; lastKnownFileType = sourcecode.swift; name = "Calls+CoreDataProperties.swift"; path = "/Users/leomac/Documents/Swift/b24-reports/b24-reports/Core/Calls+CoreDataProperties.swift"; sourceTree = "<absolute>"; };
		B14921CC262464C7006B3388 /* Managers+CoreDataClass.swift */ = {isa = PBXFileReference; lastKnownFileType = sourcecode.swift; name = "Managers+CoreDataClass.swift"; path = "/Users/leomac/Documents/Swift/b24-reports/b24-reports/Core/Managers+CoreDataClass.swift"; sourceTree = "<absolute>"; };
		B14921CD262464C8006B3388 /* Managers+CoreDataProperties.swift */ = {isa = PBXFileReference; lastKnownFileType = sourcecode.swift; name = "Managers+CoreDataProperties.swift"; path = "/Users/leomac/Documents/Swift/b24-reports/b24-reports/Core/Managers+CoreDataProperties.swift"; sourceTree = "<absolute>"; };
		B14921CE262464C8006B3388 /* Calls+CoreDataClass.swift */ = {isa = PBXFileReference; lastKnownFileType = sourcecode.swift; name = "Calls+CoreDataClass.swift"; path = "/Users/leomac/Documents/Swift/b24-reports/b24-reports/Core/Calls+CoreDataClass.swift"; sourceTree = "<absolute>"; };
		B14921D626255EEB006B3388 /* FIRFirestoreSevice.swift */ = {isa = PBXFileReference; lastKnownFileType = sourcecode.swift; path = FIRFirestoreSevice.swift; sourceTree = "<group>"; };
		B14921DE262589AA006B3388 /* SettingsViewController.swift */ = {isa = PBXFileReference; lastKnownFileType = sourcecode.swift; path = SettingsViewController.swift; sourceTree = "<group>"; };
		B14921E12626D14E006B3388 /* CallsTableViewCell.swift */ = {isa = PBXFileReference; lastKnownFileType = sourcecode.swift; path = CallsTableViewCell.swift; sourceTree = "<group>"; };
		B14921E22626D14E006B3388 /* CallsTableViewCell.xib */ = {isa = PBXFileReference; lastKnownFileType = file.xib; path = CallsTableViewCell.xib; sourceTree = "<group>"; };
		B17313EA2622BC8A008002DB /* Model.swift */ = {isa = PBXFileReference; lastKnownFileType = sourcecode.swift; path = Model.swift; sourceTree = "<group>"; };
		B1DC0B7226205BDF00A8679C /* b24-reports.app */ = {isa = PBXFileReference; explicitFileType = wrapper.application; includeInIndex = 0; path = "b24-reports.app"; sourceTree = BUILT_PRODUCTS_DIR; };
		B1DC0B7526205BDF00A8679C /* AppDelegate.swift */ = {isa = PBXFileReference; lastKnownFileType = sourcecode.swift; path = AppDelegate.swift; sourceTree = "<group>"; };
		B1DC0B7726205BDF00A8679C /* SceneDelegate.swift */ = {isa = PBXFileReference; lastKnownFileType = sourcecode.swift; path = SceneDelegate.swift; sourceTree = "<group>"; };
		B1DC0B7926205BDF00A8679C /* AuthViewController.swift */ = {isa = PBXFileReference; lastKnownFileType = sourcecode.swift; path = AuthViewController.swift; sourceTree = "<group>"; };
		B1DC0B7C26205BDF00A8679C /* Base */ = {isa = PBXFileReference; lastKnownFileType = file.storyboard; name = Base; path = Base.lproj/Main.storyboard; sourceTree = "<group>"; };
		B1DC0B7F26205BDF00A8679C /* b24_reports.xcdatamodel */ = {isa = PBXFileReference; lastKnownFileType = wrapper.xcdatamodel; path = b24_reports.xcdatamodel; sourceTree = "<group>"; };
		B1DC0B8126205BE000A8679C /* Assets.xcassets */ = {isa = PBXFileReference; lastKnownFileType = folder.assetcatalog; path = Assets.xcassets; sourceTree = "<group>"; };
		B1DC0B8426205BE000A8679C /* Base */ = {isa = PBXFileReference; lastKnownFileType = file.storyboard; name = Base; path = Base.lproj/LaunchScreen.storyboard; sourceTree = "<group>"; };
		B1DC0B8626205BE000A8679C /* Info.plist */ = {isa = PBXFileReference; lastKnownFileType = text.plist.xml; path = Info.plist; sourceTree = "<group>"; };
		B1DC0B8D26206AAD00A8679C /* GoogleService-Info.plist */ = {isa = PBXFileReference; fileEncoding = 4; lastKnownFileType = text.plist.xml; path = "GoogleService-Info.plist"; sourceTree = "<group>"; };
		DE15E0FB874D1EEC773475E3 /* Pods-b24-reports.release.xcconfig */ = {isa = PBXFileReference; includeInIndex = 1; lastKnownFileType = text.xcconfig; name = "Pods-b24-reports.release.xcconfig"; path = "Target Support Files/Pods-b24-reports/Pods-b24-reports.release.xcconfig"; sourceTree = "<group>"; };
		FE750F2C11952975EB4B82FC /* Pods_b24_reports.framework */ = {isa = PBXFileReference; explicitFileType = wrapper.framework; includeInIndex = 0; path = Pods_b24_reports.framework; sourceTree = BUILT_PRODUCTS_DIR; };
/* End PBXFileReference section */

/* Begin PBXFrameworksBuildPhase section */
		B1DC0B6F26205BDF00A8679C /* Frameworks */ = {
			isa = PBXFrameworksBuildPhase;
			buildActionMask = 2147483647;
			files = (
				EFACE491B59722BA037A4151 /* Pods_b24_reports.framework in Frameworks */,
			);
			runOnlyForDeploymentPostprocessing = 0;
		};
/* End PBXFrameworksBuildPhase section */

/* Begin PBXGroup section */
		1FBA60888440D900C55484AA /* Frameworks */ = {
			isa = PBXGroup;
			children = (
				FE750F2C11952975EB4B82FC /* Pods_b24_reports.framework */,
			);
			name = Frameworks;
			sourceTree = "<group>";
		};
		39B5B8A2116DEB19B668FBF3 /* Pods */ = {
			isa = PBXGroup;
			children = (
				9DF7F624C5C87EEF914EA59E /* Pods-b24-reports.debug.xcconfig */,
				DE15E0FB874D1EEC773475E3 /* Pods-b24-reports.release.xcconfig */,
			);
			path = Pods;
			sourceTree = "<group>";
		};
		B12E3307262072750077B980 /* Application */ = {
			isa = PBXGroup;
			children = (
				B1DC0B7526205BDF00A8679C /* AppDelegate.swift */,
				B1DC0B7726205BDF00A8679C /* SceneDelegate.swift */,
			);
			path = Application;
			sourceTree = "<group>";
		};
		B12E33082620744E0077B980 /* Utility */ = {
			isa = PBXGroup;
			children = (
				B12E3309262074660077B980 /* Extensions.swift */,
			);
			path = Utility;
			sourceTree = "<group>";
		};
		B14921D526255EBE006B3388 /* API */ = {
			isa = PBXGroup;
			children = (
				B14921D626255EEB006B3388 /* FIRFirestoreSevice.swift */,
			);
			path = API;
			sourceTree = "<group>";
		};
		B17313E92622BC78008002DB /* Core */ = {
			isa = PBXGroup;
			children = (
				B14921CE262464C8006B3388 /* Calls+CoreDataClass.swift */,
				B14921CB262464C7006B3388 /* Calls+CoreDataProperties.swift */,
				B14921CC262464C7006B3388 /* Managers+CoreDataClass.swift */,
				B14921CD262464C8006B3388 /* Managers+CoreDataProperties.swift */,
				B17313EA2622BC8A008002DB /* Model.swift */,
			);
			path = Core;
			sourceTree = "<group>";
		};
		B1DC0B6926205BDF00A8679C = {
			isa = PBXGroup;
			children = (
				B1DC0B7426205BDF00A8679C /* b24-reports */,
				B1DC0B7326205BDF00A8679C /* Products */,
				39B5B8A2116DEB19B668FBF3 /* Pods */,
				1FBA60888440D900C55484AA /* Frameworks */,
			);
			sourceTree = "<group>";
		};
		B1DC0B7326205BDF00A8679C /* Products */ = {
			isa = PBXGroup;
			children = (
				B1DC0B7226205BDF00A8679C /* b24-reports.app */,
			);
			name = Products;
			sourceTree = "<group>";
		};
		B1DC0B7426205BDF00A8679C /* b24-reports */ = {
			isa = PBXGroup;
			children = (
				B14921D526255EBE006B3388 /* API */,
				B12E33082620744E0077B980 /* Utility */,
				B12E3307262072750077B980 /* Application */,
				B1DC0B7926205BDF00A8679C /* AuthViewController.swift */,
				B17313E92622BC78008002DB /* Core */,
				B1DC0B7B26205BDF00A8679C /* Main.storyboard */,
				B14921DE262589AA006B3388 /* SettingsViewController.swift */,
				B14921E12626D14E006B3388 /* CallsTableViewCell.swift */,
				B14921E22626D14E006B3388 /* CallsTableViewCell.xib */,
				B1DC0B8126205BE000A8679C /* Assets.xcassets */,
				B1DC0B8326205BE000A8679C /* LaunchScreen.storyboard */,
				B1DC0B8626205BE000A8679C /* Info.plist */,
				B1DC0B7E26205BDF00A8679C /* b24_reports.xcdatamodeld */,
				B1DC0B8D26206AAD00A8679C /* GoogleService-Info.plist */,
				B12E3303262071B00077B980 /* CallsTableViewController.swift */,
			);
			path = "b24-reports";
			sourceTree = "<group>";
		};
/* End PBXGroup section */

/* Begin PBXNativeTarget section */
		B1DC0B7126205BDF00A8679C /* b24-reports */ = {
			isa = PBXNativeTarget;
			buildConfigurationList = B1DC0B8926205BE000A8679C /* Build configuration list for PBXNativeTarget "b24-reports" */;
			buildPhases = (
				08C91F7335FA4196159B2A04 /* [CP] Check Pods Manifest.lock */,
				B1DC0B6E26205BDF00A8679C /* Sources */,
				B1DC0B6F26205BDF00A8679C /* Frameworks */,
				B1DC0B7026205BDF00A8679C /* Resources */,
				F531F4785670AAC39565D291 /* [CP] Embed Pods Frameworks */,
			);
			buildRules = (
			);
			dependencies = (
			);
			name = "b24-reports";
			productName = "b24-reports";
			productReference = B1DC0B7226205BDF00A8679C /* b24-reports.app */;
			productType = "com.apple.product-type.application";
		};
/* End PBXNativeTarget section */

/* Begin PBXProject section */
		B1DC0B6A26205BDF00A8679C /* Project object */ = {
			isa = PBXProject;
			attributes = {
				LastSwiftUpdateCheck = 1240;
				LastUpgradeCheck = 1240;
				TargetAttributes = {
					B1DC0B7126205BDF00A8679C = {
						CreatedOnToolsVersion = 12.4;
					};
				};
			};
			buildConfigurationList = B1DC0B6D26205BDF00A8679C /* Build configuration list for PBXProject "b24-reports" */;
			compatibilityVersion = "Xcode 9.3";
			developmentRegion = en;
			hasScannedForEncodings = 0;
			knownRegions = (
				en,
				Base,
			);
			mainGroup = B1DC0B6926205BDF00A8679C;
			productRefGroup = B1DC0B7326205BDF00A8679C /* Products */;
			projectDirPath = "";
			projectRoot = "";
			targets = (
				B1DC0B7126205BDF00A8679C /* b24-reports */,
			);
		};
/* End PBXProject section */

/* Begin PBXResourcesBuildPhase section */
		B1DC0B7026205BDF00A8679C /* Resources */ = {
			isa = PBXResourcesBuildPhase;
			buildActionMask = 2147483647;
			files = (
				B1DC0B8526205BE000A8679C /* LaunchScreen.storyboard in Resources */,
				B14921E42626D14F006B3388 /* CallsTableViewCell.xib in Resources */,
				B1DC0B8E26206AAD00A8679C /* GoogleService-Info.plist in Resources */,
				B1DC0B8226205BE000A8679C /* Assets.xcassets in Resources */,
				B1DC0B7D26205BDF00A8679C /* Main.storyboard in Resources */,
			);
			runOnlyForDeploymentPostprocessing = 0;
		};
/* End PBXResourcesBuildPhase section */

/* Begin PBXShellScriptBuildPhase section */
		08C91F7335FA4196159B2A04 /* [CP] Check Pods Manifest.lock */ = {
			isa = PBXShellScriptBuildPhase;
			buildActionMask = 2147483647;
			files = (
			);
			inputFileListPaths = (
			);
			inputPaths = (
				"${PODS_PODFILE_DIR_PATH}/Podfile.lock",
				"${PODS_ROOT}/Manifest.lock",
			);
			name = "[CP] Check Pods Manifest.lock";
			outputFileListPaths = (
			);
			outputPaths = (
				"$(DERIVED_FILE_DIR)/Pods-b24-reports-checkManifestLockResult.txt",
			);
			runOnlyForDeploymentPostprocessing = 0;
			shellPath = /bin/sh;
			shellScript = "diff \"${PODS_PODFILE_DIR_PATH}/Podfile.lock\" \"${PODS_ROOT}/Manifest.lock\" > /dev/null\nif [ $? != 0 ] ; then\n    # print error to STDERR\n    echo \"error: The sandbox is not in sync with the Podfile.lock. Run 'pod install' or update your CocoaPods installation.\" >&2\n    exit 1\nfi\n# This output is used by Xcode 'outputs' to avoid re-running this script phase.\necho \"SUCCESS\" > \"${SCRIPT_OUTPUT_FILE_0}\"\n";
			showEnvVarsInLog = 0;
		};
		F531F4785670AAC39565D291 /* [CP] Embed Pods Frameworks */ = {
			isa = PBXShellScriptBuildPhase;
			buildActionMask = 2147483647;
			files = (
			);
			inputFileListPaths = (
				"${PODS_ROOT}/Target Support Files/Pods-b24-reports/Pods-b24-reports-frameworks-${CONFIGURATION}-input-files.xcfilelist",
			);
			name = "[CP] Embed Pods Frameworks";
			outputFileListPaths = (
				"${PODS_ROOT}/Target Support Files/Pods-b24-reports/Pods-b24-reports-frameworks-${CONFIGURATION}-output-files.xcfilelist",
			);
			runOnlyForDeploymentPostprocessing = 0;
			shellPath = /bin/sh;
			shellScript = "\"${PODS_ROOT}/Target Support Files/Pods-b24-reports/Pods-b24-reports-frameworks.sh\"\n";
			showEnvVarsInLog = 0;
		};
/* End PBXShellScriptBuildPhase section */

/* Begin PBXSourcesBuildPhase section */
		B1DC0B6E26205BDF00A8679C /* Sources */ = {
			isa = PBXSourcesBuildPhase;
			buildActionMask = 2147483647;
			files = (
				B14921D0262464C8006B3388 /* Managers+CoreDataClass.swift in Sources */,
				B14921D1262464C8006B3388 /* Managers+CoreDataProperties.swift in Sources */,
				B17313EB2622BC8A008002DB /* Model.swift in Sources */,
				B1DC0B7A26205BDF00A8679C /* AuthViewController.swift in Sources */,
				B12E330A262074660077B980 /* Extensions.swift in Sources */,
				B12E3304262071B00077B980 /* CallsTableViewController.swift in Sources */,
				B14921D726255EEB006B3388 /* FIRFirestoreSevice.swift in Sources */,
				B1DC0B7626205BDF00A8679C /* AppDelegate.swift in Sources */,
				B14921D2262464C8006B3388 /* Calls+CoreDataProperties.swift in Sources */,
				B1DC0B8026205BDF00A8679C /* b24_reports.xcdatamodeld in Sources */,
				B14921DF262589AA006B3388 /* SettingsViewController.swift in Sources */,
				B14921E32626D14E006B3388 /* CallsTableViewCell.swift in Sources */,
				B1DC0B7826205BDF00A8679C /* SceneDelegate.swift in Sources */,
				B14921CF262464C8006B3388 /* Calls+CoreDataClass.swift in Sources */,
			);
			runOnlyForDeploymentPostprocessing = 0;
		};
/* End PBXSourcesBuildPhase section */

/* Begin PBXVariantGroup section */
		B1DC0B7B26205BDF00A8679C /* Main.storyboard */ = {
			isa = PBXVariantGroup;
			children = (
				B1DC0B7C26205BDF00A8679C /* Base */,
			);
			name = Main.storyboard;
			sourceTree = "<group>";
		};
		B1DC0B8326205BE000A8679C /* LaunchScreen.storyboard */ = {
			isa = PBXVariantGroup;
			children = (
				B1DC0B8426205BE000A8679C /* Base */,
			);
			name = LaunchScreen.storyboard;
			sourceTree = "<group>";
		};
/* End PBXVariantGroup section */

/* Begin XCBuildConfiguration section */
		B1DC0B8726205BE000A8679C /* Debug */ = {
			isa = XCBuildConfiguration;
			buildSettings = {
				ALWAYS_SEARCH_USER_PATHS = NO;
				CLANG_ANALYZER_NONNULL = YES;
				CLANG_ANALYZER_NUMBER_OBJECT_CONVERSION = YES_AGGRESSIVE;
				CLANG_CXX_LANGUAGE_STANDARD = "gnu++14";
				CLANG_CXX_LIBRARY = "libc++";
				CLANG_ENABLE_MODULES = YES;
				CLANG_ENABLE_OBJC_ARC = YES;
				CLANG_ENABLE_OBJC_WEAK = YES;
				CLANG_WARN_BLOCK_CAPTURE_AUTORELEASING = YES;
				CLANG_WARN_BOOL_CONVERSION = YES;
				CLANG_WARN_COMMA = YES;
				CLANG_WARN_CONSTANT_CONVERSION = YES;
				CLANG_WARN_DEPRECATED_OBJC_IMPLEMENTATIONS = YES;
				CLANG_WARN_DIRECT_OBJC_ISA_USAGE = YES_ERROR;
				CLANG_WARN_DOCUMENTATION_COMMENTS = YES;
				CLANG_WARN_EMPTY_BODY = YES;
				CLANG_WARN_ENUM_CONVERSION = YES;
				CLANG_WARN_INFINITE_RECURSION = YES;
				CLANG_WARN_INT_CONVERSION = YES;
				CLANG_WARN_NON_LITERAL_NULL_CONVERSION = YES;
				CLANG_WARN_OBJC_IMPLICIT_RETAIN_SELF = YES;
				CLANG_WARN_OBJC_LITERAL_CONVERSION = YES;
				CLANG_WARN_OBJC_ROOT_CLASS = YES_ERROR;
				CLANG_WARN_QUOTED_INCLUDE_IN_FRAMEWORK_HEADER = YES;
				CLANG_WARN_RANGE_LOOP_ANALYSIS = YES;
				CLANG_WARN_STRICT_PROTOTYPES = YES;
				CLANG_WARN_SUSPICIOUS_MOVE = YES;
				CLANG_WARN_UNGUARDED_AVAILABILITY = YES_AGGRESSIVE;
				CLANG_WARN_UNREACHABLE_CODE = YES;
				CLANG_WARN__DUPLICATE_METHOD_MATCH = YES;
				COPY_PHASE_STRIP = NO;
				DEBUG_INFORMATION_FORMAT = dwarf;
				ENABLE_STRICT_OBJC_MSGSEND = YES;
				ENABLE_TESTABILITY = YES;
				GCC_C_LANGUAGE_STANDARD = gnu11;
				GCC_DYNAMIC_NO_PIC = NO;
				GCC_NO_COMMON_BLOCKS = YES;
				GCC_OPTIMIZATION_LEVEL = 0;
				GCC_PREPROCESSOR_DEFINITIONS = (
					"DEBUG=1",
					"$(inherited)",
				);
				GCC_WARN_64_TO_32_BIT_CONVERSION = YES;
				GCC_WARN_ABOUT_RETURN_TYPE = YES_ERROR;
				GCC_WARN_UNDECLARED_SELECTOR = YES;
				GCC_WARN_UNINITIALIZED_AUTOS = YES_AGGRESSIVE;
				GCC_WARN_UNUSED_FUNCTION = YES;
				GCC_WARN_UNUSED_VARIABLE = YES;
				IPHONEOS_DEPLOYMENT_TARGET = 14.4;
				MTL_ENABLE_DEBUG_INFO = INCLUDE_SOURCE;
				MTL_FAST_MATH = YES;
				ONLY_ACTIVE_ARCH = YES;
				SDKROOT = iphoneos;
				SWIFT_ACTIVE_COMPILATION_CONDITIONS = DEBUG;
				SWIFT_OPTIMIZATION_LEVEL = "-Onone";
			};
			name = Debug;
		};
		B1DC0B8826205BE000A8679C /* Release */ = {
			isa = XCBuildConfiguration;
			buildSettings = {
				ALWAYS_SEARCH_USER_PATHS = NO;
				CLANG_ANALYZER_NONNULL = YES;
				CLANG_ANALYZER_NUMBER_OBJECT_CONVERSION = YES_AGGRESSIVE;
				CLANG_CXX_LANGUAGE_STANDARD = "gnu++14";
				CLANG_CXX_LIBRARY = "libc++";
				CLANG_ENABLE_MODULES = YES;
				CLANG_ENABLE_OBJC_ARC = YES;
				CLANG_ENABLE_OBJC_WEAK = YES;
				CLANG_WARN_BLOCK_CAPTURE_AUTORELEASING = YES;
				CLANG_WARN_BOOL_CONVERSION = YES;
				CLANG_WARN_COMMA = YES;
				CLANG_WARN_CONSTANT_CONVERSION = YES;
				CLANG_WARN_DEPRECATED_OBJC_IMPLEMENTATIONS = YES;
				CLANG_WARN_DIRECT_OBJC_ISA_USAGE = YES_ERROR;
				CLANG_WARN_DOCUMENTATION_COMMENTS = YES;
				CLANG_WARN_EMPTY_BODY = YES;
				CLANG_WARN_ENUM_CONVERSION = YES;
				CLANG_WARN_INFINITE_RECURSION = YES;
				CLANG_WARN_INT_CONVERSION = YES;
				CLANG_WARN_NON_LITERAL_NULL_CONVERSION = YES;
				CLANG_WARN_OBJC_IMPLICIT_RETAIN_SELF = YES;
				CLANG_WARN_OBJC_LITERAL_CONVERSION = YES;
				CLANG_WARN_OBJC_ROOT_CLASS = YES_ERROR;
				CLANG_WARN_QUOTED_INCLUDE_IN_FRAMEWORK_HEADER = YES;
				CLANG_WARN_RANGE_LOOP_ANALYSIS = YES;
				CLANG_WARN_STRICT_PROTOTYPES = YES;
				CLANG_WARN_SUSPICIOUS_MOVE = YES;
				CLANG_WARN_UNGUARDED_AVAILABILITY = YES_AGGRESSIVE;
				CLANG_WARN_UNREACHABLE_CODE = YES;
				CLANG_WARN__DUPLICATE_METHOD_MATCH = YES;
				COPY_PHASE_STRIP = NO;
				DEBUG_INFORMATION_FORMAT = "dwarf-with-dsym";
				ENABLE_NS_ASSERTIONS = NO;
				ENABLE_STRICT_OBJC_MSGSEND = YES;
				GCC_C_LANGUAGE_STANDARD = gnu11;
				GCC_NO_COMMON_BLOCKS = YES;
				GCC_WARN_64_TO_32_BIT_CONVERSION = YES;
				GCC_WARN_ABOUT_RETURN_TYPE = YES_ERROR;
				GCC_WARN_UNDECLARED_SELECTOR = YES;
				GCC_WARN_UNINITIALIZED_AUTOS = YES_AGGRESSIVE;
				GCC_WARN_UNUSED_FUNCTION = YES;
				GCC_WARN_UNUSED_VARIABLE = YES;
				IPHONEOS_DEPLOYMENT_TARGET = 14.4;
				MTL_ENABLE_DEBUG_INFO = NO;
				MTL_FAST_MATH = YES;
				SDKROOT = iphoneos;
				SWIFT_COMPILATION_MODE = wholemodule;
				SWIFT_OPTIMIZATION_LEVEL = "-O";
				VALIDATE_PRODUCT = YES;
			};
			name = Release;
		};
		B1DC0B8A26205BE000A8679C /* Debug */ = {
			isa = XCBuildConfiguration;
			baseConfigurationReference = 9DF7F624C5C87EEF914EA59E /* Pods-b24-reports.debug.xcconfig */;
			buildSettings = {
				ASSETCATALOG_COMPILER_APPICON_NAME = AppIcon;
				ASSETCATALOG_COMPILER_GLOBAL_ACCENT_COLOR_NAME = AccentColor;
				CODE_SIGN_STYLE = Automatic;
				DEVELOPMENT_TEAM = 84X6Z39R5X;
				INFOPLIST_FILE = "b24-reports/Info.plist";
				LD_RUNPATH_SEARCH_PATHS = (
					"$(inherited)",
					"@executable_path/Frameworks",
				);
				PRODUCT_BUNDLE_IDENTIFIER = "ICSOFT.b24-reports";
				PRODUCT_NAME = "$(TARGET_NAME)";
				SWIFT_VERSION = 5.0;
				TARGETED_DEVICE_FAMILY = "1,2";
			};
			name = Debug;
		};
		B1DC0B8B26205BE000A8679C /* Release */ = {
			isa = XCBuildConfiguration;
			baseConfigurationReference = DE15E0FB874D1EEC773475E3 /* Pods-b24-reports.release.xcconfig */;
			buildSettings = {
				ASSETCATALOG_COMPILER_APPICON_NAME = AppIcon;
				ASSETCATALOG_COMPILER_GLOBAL_ACCENT_COLOR_NAME = AccentColor;
				CODE_SIGN_STYLE = Automatic;
				DEVELOPMENT_TEAM = 84X6Z39R5X;
				INFOPLIST_FILE = "b24-reports/Info.plist";
				LD_RUNPATH_SEARCH_PATHS = (
					"$(inherited)",
					"@executable_path/Frameworks",
				);
				PRODUCT_BUNDLE_IDENTIFIER = "ICSOFT.b24-reports";
				PRODUCT_NAME = "$(TARGET_NAME)";
				SWIFT_VERSION = 5.0;
				TARGETED_DEVICE_FAMILY = "1,2";
			};
			name = Release;
		};
/* End XCBuildConfiguration section */

/* Begin XCConfigurationList section */
		B1DC0B6D26205BDF00A8679C /* Build configuration list for PBXProject "b24-reports" */ = {
			isa = XCConfigurationList;
			buildConfigurations = (
				B1DC0B8726205BE000A8679C /* Debug */,
				B1DC0B8826205BE000A8679C /* Release */,
			);
			defaultConfigurationIsVisible = 0;
			defaultConfigurationName = Release;
		};
		B1DC0B8926205BE000A8679C /* Build configuration list for PBXNativeTarget "b24-reports" */ = {
			isa = XCConfigurationList;
			buildConfigurations = (
				B1DC0B8A26205BE000A8679C /* Debug */,
				B1DC0B8B26205BE000A8679C /* Release */,
			);
			defaultConfigurationIsVisible = 0;
			defaultConfigurationName = Release;
		};
/* End XCConfigurationList section */

/* Begin XCVersionGroup section */
		B1DC0B7E26205BDF00A8679C /* b24_reports.xcdatamodeld */ = {
			isa = XCVersionGroup;
			children = (
				B1DC0B7F26205BDF00A8679C /* b24_reports.xcdatamodel */,
			);
			currentVersion = B1DC0B7F26205BDF00A8679C /* b24_reports.xcdatamodel */;
			path = b24_reports.xcdatamodeld;
			sourceTree = "<group>";
			versionGroupType = wrapper.xcdatamodel;
		};
/* End XCVersionGroup section */
	};
	rootObject = B1DC0B6A26205BDF00A8679C /* Project object */;
}
